
Microsoft Visual Studio Solution File, Format Version 12.00
# Visual Studio Version 17
VisualStudioVersion = 17.0.31903.59
MinimumVisualStudioVersion = 10.0.40219.1
Project("{2150E333-8FDC-42A3-9474-1A3956D46DE8}") = "src", "src", "{827E0CD3-B72D-47B6-A68D-7590B98EB39B}"
EndProject
Project("{FAE04EC0-301F-11D3-BF4B-00C04F79EFBC}") = "Luac.Core", "src\Luac.Core\Luac.Core.csproj", "{7D6A21A6-2A7D-47DE-AF46-27ABA71D558A}"
EndProject
Project("{FAE04EC0-301F-11D3-BF4B-00C04F79EFBC}") = "Luac.IR", "src\Luac.IR\Luac.IR.csproj", "{A3D13C0A-1543-4C2B-BA24-16248EA51C55}"
EndProject
Project("{2150E333-8FDC-42A3-9474-1A3956D46DE8}") = "tests", "tests", "{0AB3BF05-4346-4AA6-1389-037BE0695223}"
EndProject
Project("{FAE04EC0-301F-11D3-BF4B-00C04F79EFBC}") = "Luac.Core.Tests", "tests\Luac.Core.Tests\Luac.Core.Tests.csproj", "{F936527C-6232-40A2-AC72-E17011A6F782}"
EndProject
Project("{FAE04EC0-301F-11D3-BF4B-00C04F79EFBC}") = "Luac.IR.Tests", "tests\Luac.IR.Tests\Luac.IR.Tests.csproj", "{7F05F8CF-61A6-46EE-854A-9DCB21F6B6E5}"
EndProject
Project("{FAE04EC0-301F-11D3-BF4B-00C04F79EFBC}") = "Luac.Syntax", "src\Luac.Syntax\Luac.Syntax.csproj", "{5D5E893A-8413-4D15-9371-9A90BBF89555}"
EndProject
Project("{FAE04EC0-301F-11D3-BF4B-00C04F79EFBC}") = "Luac.Syntax.Tests", "tests\Luac.Syntax.Tests\Luac.Syntax.Tests.csproj", "{B6FFD122-D94D-4307-BFF0-9B95AEA7892A}"
EndProject
Project("{FAE04EC0-301F-11D3-BF4B-00C04F79EFBC}") = "Luac.Semantics", "src\Luac.Semantics\Luac.Semantics.csproj", "{64281EAD-E80E-4E30-B462-4A57E1AA9C3A}"
EndProject
Project("{FAE04EC0-301F-11D3-BF4B-00C04F79EFBC}") = "Luac.Semantics.Tests", "tests\Luac.Semantics.Tests\Luac.Semantics.Tests.csproj", "{5F4D1495-20F3-4275-996B-8CDFD9C08A5B}"
EndProject
Project("{FAE04EC0-301F-11D3-BF4B-00C04F79EFBC}") = "Luac.Runtime", "src\Luac.Runtime\Luac.Runtime.csproj", "{995F4FC7-586C-4C07-A066-54C09F62A550}"
EndProject
Project("{FAE04EC0-301F-11D3-BF4B-00C04F79EFBC}") = "Luac.Runtime.Tests", "tests\Luac.Runtime.Tests\Luac.Runtime.Tests.csproj", "{DF9BB663-8236-4DA3-BF9A-6EB8A451D053}"
EndProject
Global
	GlobalSection(SolutionConfigurationPlatforms) = preSolution
		Debug|Any CPU = Debug|Any CPU
		Debug|x64 = Debug|x64
		Debug|x86 = Debug|x86
		Release|Any CPU = Release|Any CPU
		Release|x64 = Release|x64
		Release|x86 = Release|x86
	EndGlobalSection
	GlobalSection(ProjectConfigurationPlatforms) = postSolution
		{7D6A21A6-2A7D-47DE-AF46-27ABA71D558A}.Debug|Any CPU.ActiveCfg = Debug|Any CPU
		{7D6A21A6-2A7D-47DE-AF46-27ABA71D558A}.Debug|Any CPU.Build.0 = Debug|Any CPU
		{7D6A21A6-2A7D-47DE-AF46-27ABA71D558A}.Debug|x64.ActiveCfg = Debug|Any CPU
		{7D6A21A6-2A7D-47DE-AF46-27ABA71D558A}.Debug|x64.Build.0 = Debug|Any CPU
		{7D6A21A6-2A7D-47DE-AF46-27ABA71D558A}.Debug|x86.ActiveCfg = Debug|Any CPU
		{7D6A21A6-2A7D-47DE-AF46-27ABA71D558A}.Debug|x86.Build.0 = Debug|Any CPU
		{7D6A21A6-2A7D-47DE-AF46-27ABA71D558A}.Release|Any CPU.ActiveCfg = Release|Any CPU
		{7D6A21A6-2A7D-47DE-AF46-27ABA71D558A}.Release|Any CPU.Build.0 = Release|Any CPU
		{7D6A21A6-2A7D-47DE-AF46-27ABA71D558A}.Release|x64.ActiveCfg = Release|Any CPU
		{7D6A21A6-2A7D-47DE-AF46-27ABA71D558A}.Release|x64.Build.0 = Release|Any CPU
		{7D6A21A6-2A7D-47DE-AF46-27ABA71D558A}.Release|x86.ActiveCfg = Release|Any CPU
		{7D6A21A6-2A7D-47DE-AF46-27ABA71D558A}.Release|x86.Build.0 = Release|Any CPU
		{A3D13C0A-1543-4C2B-BA24-16248EA51C55}.Debug|Any CPU.ActiveCfg = Debug|Any CPU
		{A3D13C0A-1543-4C2B-BA24-16248EA51C55}.Debug|Any CPU.Build.0 = Debug|Any CPU
		{A3D13C0A-1543-4C2B-BA24-16248EA51C55}.Debug|x64.ActiveCfg = Debug|Any CPU
		{A3D13C0A-1543-4C2B-BA24-16248EA51C55}.Debug|x64.Build.0 = Debug|Any CPU
		{A3D13C0A-1543-4C2B-BA24-16248EA51C55}.Debug|x86.ActiveCfg = Debug|Any CPU
		{A3D13C0A-1543-4C2B-BA24-16248EA51C55}.Debug|x86.Build.0 = Debug|Any CPU
		{A3D13C0A-1543-4C2B-BA24-16248EA51C55}.Release|Any CPU.ActiveCfg = Release|Any CPU
		{A3D13C0A-1543-4C2B-BA24-16248EA51C55}.Release|Any CPU.Build.0 = Release|Any CPU
		{A3D13C0A-1543-4C2B-BA24-16248EA51C55}.Release|x64.ActiveCfg = Release|Any CPU
		{A3D13C0A-1543-4C2B-BA24-16248EA51C55}.Release|x64.Build.0 = Release|Any CPU
		{A3D13C0A-1543-4C2B-BA24-16248EA51C55}.Release|x86.ActiveCfg = Release|Any CPU
		{A3D13C0A-1543-4C2B-BA24-16248EA51C55}.Release|x86.Build.0 = Release|Any CPU
		{F936527C-6232-40A2-AC72-E17011A6F782}.Debug|Any CPU.ActiveCfg = Debug|Any CPU
		{F936527C-6232-40A2-AC72-E17011A6F782}.Debug|Any CPU.Build.0 = Debug|Any CPU
		{F936527C-6232-40A2-AC72-E17011A6F782}.Debug|x64.ActiveCfg = Debug|Any CPU
		{F936527C-6232-40A2-AC72-E17011A6F782}.Debug|x64.Build.0 = Debug|Any CPU
		{F936527C-6232-40A2-AC72-E17011A6F782}.Debug|x86.ActiveCfg = Debug|Any CPU
		{F936527C-6232-40A2-AC72-E17011A6F782}.Debug|x86.Build.0 = Debug|Any CPU
		{F936527C-6232-40A2-AC72-E17011A6F782}.Release|Any CPU.ActiveCfg = Release|Any CPU
		{F936527C-6232-40A2-AC72-E17011A6F782}.Release|Any CPU.Build.0 = Release|Any CPU
		{F936527C-6232-40A2-AC72-E17011A6F782}.Release|x64.ActiveCfg = Release|Any CPU
		{F936527C-6232-40A2-AC72-E17011A6F782}.Release|x64.Build.0 = Release|Any CPU
		{F936527C-6232-40A2-AC72-E17011A6F782}.Release|x86.ActiveCfg = Release|Any CPU
		{F936527C-6232-40A2-AC72-E17011A6F782}.Release|x86.Build.0 = Release|Any CPU
		{7F05F8CF-61A6-46EE-854A-9DCB21F6B6E5}.Debug|Any CPU.ActiveCfg = Debug|Any CPU
		{7F05F8CF-61A6-46EE-854A-9DCB21F6B6E5}.Debug|Any CPU.Build.0 = Debug|Any CPU
		{7F05F8CF-61A6-46EE-854A-9DCB21F6B6E5}.Debug|x64.ActiveCfg = Debug|Any CPU
		{7F05F8CF-61A6-46EE-854A-9DCB21F6B6E5}.Debug|x64.Build.0 = Debug|Any CPU
		{7F05F8CF-61A6-46EE-854A-9DCB21F6B6E5}.Debug|x86.ActiveCfg = Debug|Any CPU
		{7F05F8CF-61A6-46EE-854A-9DCB21F6B6E5}.Debug|x86.Build.0 = Debug|Any CPU
		{7F05F8CF-61A6-46EE-854A-9DCB21F6B6E5}.Release|Any CPU.ActiveCfg = Release|Any CPU
		{7F05F8CF-61A6-46EE-854A-9DCB21F6B6E5}.Release|Any CPU.Build.0 = Release|Any CPU
		{7F05F8CF-61A6-46EE-854A-9DCB21F6B6E5}.Release|x64.ActiveCfg = Release|Any CPU
		{7F05F8CF-61A6-46EE-854A-9DCB21F6B6E5}.Release|x64.Build.0 = Release|Any CPU
		{7F05F8CF-61A6-46EE-854A-9DCB21F6B6E5}.Release|x86.ActiveCfg = Release|Any CPU
		{7F05F8CF-61A6-46EE-854A-9DCB21F6B6E5}.Release|x86.Build.0 = Release|Any CPU
		{5D5E893A-8413-4D15-9371-9A90BBF89555}.Debug|Any CPU.ActiveCfg = Debug|Any CPU
		{5D5E893A-8413-4D15-9371-9A90BBF89555}.Debug|Any CPU.Build.0 = Debug|Any CPU
		{5D5E893A-8413-4D15-9371-9A90BBF89555}.Debug|x64.ActiveCfg = Debug|Any CPU
		{5D5E893A-8413-4D15-9371-9A90BBF89555}.Debug|x64.Build.0 = Debug|Any CPU
		{5D5E893A-8413-4D15-9371-9A90BBF89555}.Debug|x86.ActiveCfg = Debug|Any CPU
		{5D5E893A-8413-4D15-9371-9A90BBF89555}.Debug|x86.Build.0 = Debug|Any CPU
		{5D5E893A-8413-4D15-9371-9A90BBF89555}.Release|Any CPU.ActiveCfg = Release|Any CPU
		{5D5E893A-8413-4D15-9371-9A90BBF89555}.Release|Any CPU.Build.0 = Release|Any CPU
		{5D5E893A-8413-4D15-9371-9A90BBF89555}.Release|x64.ActiveCfg = Release|Any CPU
		{5D5E893A-8413-4D15-9371-9A90BBF89555}.Release|x64.Build.0 = Release|Any CPU
		{5D5E893A-8413-4D15-9371-9A90BBF89555}.Release|x86.ActiveCfg = Release|Any CPU
		{5D5E893A-8413-4D15-9371-9A90BBF89555}.Release|x86.Build.0 = Release|Any CPU
		{B6FFD122-D94D-4307-BFF0-9B95AEA7892A}.Debug|Any CPU.ActiveCfg = Debug|Any CPU
		{B6FFD122-D94D-4307-BFF0-9B95AEA7892A}.Debug|Any CPU.Build.0 = Debug|Any CPU
		{B6FFD122-D94D-4307-BFF0-9B95AEA7892A}.Debug|x64.ActiveCfg = Debug|Any CPU
		{B6FFD122-D94D-4307-BFF0-9B95AEA7892A}.Debug|x64.Build.0 = Debug|Any CPU
		{B6FFD122-D94D-4307-BFF0-9B95AEA7892A}.Debug|x86.ActiveCfg = Debug|Any CPU
		{B6FFD122-D94D-4307-BFF0-9B95AEA7892A}.Debug|x86.Build.0 = Debug|Any CPU
		{B6FFD122-D94D-4307-BFF0-9B95AEA7892A}.Release|Any CPU.ActiveCfg = Release|Any CPU
		{B6FFD122-D94D-4307-BFF0-9B95AEA7892A}.Release|Any CPU.Build.0 = Release|Any CPU
		{B6FFD122-D94D-4307-BFF0-9B95AEA7892A}.Release|x64.ActiveCfg = Release|Any CPU
		{B6FFD122-D94D-4307-BFF0-9B95AEA7892A}.Release|x64.Build.0 = Release|Any CPU
		{B6FFD122-D94D-4307-BFF0-9B95AEA7892A}.Release|x86.ActiveCfg = Release|Any CPU
		{B6FFD122-D94D-4307-BFF0-9B95AEA7892A}.Release|x86.Build.0 = Release|Any CPU
		{64281EAD-E80E-4E30-B462-4A57E1AA9C3A}.Debug|Any CPU.ActiveCfg = Debug|Any CPU
		{64281EAD-E80E-4E30-B462-4A57E1AA9C3A}.Debug|Any CPU.Build.0 = Debug|Any CPU
		{64281EAD-E80E-4E30-B462-4A57E1AA9C3A}.Debug|x64.ActiveCfg = Debug|Any CPU
		{64281EAD-E80E-4E30-B462-4A57E1AA9C3A}.Debug|x64.Build.0 = Debug|Any CPU
		{64281EAD-E80E-4E30-B462-4A57E1AA9C3A}.Debug|x86.ActiveCfg = Debug|Any CPU
		{64281EAD-E80E-4E30-B462-4A57E1AA9C3A}.Debug|x86.Build.0 = Debug|Any CPU
		{64281EAD-E80E-4E30-B462-4A57E1AA9C3A}.Release|Any CPU.ActiveCfg = Release|Any CPU
		{64281EAD-E80E-4E30-B462-4A57E1AA9C3A}.Release|Any CPU.Build.0 = Release|Any CPU
		{64281EAD-E80E-4E30-B462-4A57E1AA9C3A}.Release|x64.ActiveCfg = Release|Any CPU
		{64281EAD-E80E-4E30-B462-4A57E1AA9C3A}.Release|x64.Build.0 = Release|Any CPU
		{64281EAD-E80E-4E30-B462-4A57E1AA9C3A}.Release|x86.ActiveCfg = Release|Any CPU
		{64281EAD-E80E-4E30-B462-4A57E1AA9C3A}.Release|x86.Build.0 = Release|Any CPU
		{5F4D1495-20F3-4275-996B-8CDFD9C08A5B}.Debug|Any CPU.ActiveCfg = Debug|Any CPU
		{5F4D1495-20F3-4275-996B-8CDFD9C08A5B}.Debug|Any CPU.Build.0 = Debug|Any CPU
		{5F4D1495-20F3-4275-996B-8CDFD9C08A5B}.Debug|x64.ActiveCfg = Debug|Any CPU
		{5F4D1495-20F3-4275-996B-8CDFD9C08A5B}.Debug|x64.Build.0 = Debug|Any CPU
		{5F4D1495-20F3-4275-996B-8CDFD9C08A5B}.Debug|x86.ActiveCfg = Debug|Any CPU
		{5F4D1495-20F3-4275-996B-8CDFD9C08A5B}.Debug|x86.Build.0 = Debug|Any CPU
		{5F4D1495-20F3-4275-996B-8CDFD9C08A5B}.Release|Any CPU.ActiveCfg = Release|Any CPU
		{5F4D1495-20F3-4275-996B-8CDFD9C08A5B}.Release|Any CPU.Build.0 = Release|Any CPU
		{5F4D1495-20F3-4275-996B-8CDFD9C08A5B}.Release|x64.ActiveCfg = Release|Any CPU
		{5F4D1495-20F3-4275-996B-8CDFD9C08A5B}.Release|x64.Build.0 = Release|Any CPU
		{5F4D1495-20F3-4275-996B-8CDFD9C08A5B}.Release|x86.ActiveCfg = Release|Any CPU
		{5F4D1495-20F3-4275-996B-8CDFD9C08A5B}.Release|x86.Build.0 = Release|Any CPU
		{995F4FC7-586C-4C07-A066-54C09F62A550}.Debug|Any CPU.ActiveCfg = Debug|Any CPU
		{995F4FC7-586C-4C07-A066-54C09F62A550}.Debug|Any CPU.Build.0 = Debug|Any CPU
		{995F4FC7-586C-4C07-A066-54C09F62A550}.Debug|x64.ActiveCfg = Debug|Any CPU
		{995F4FC7-586C-4C07-A066-54C09F62A550}.Debug|x64.Build.0 = Debug|Any CPU
		{995F4FC7-586C-4C07-A066-54C09F62A550}.Debug|x86.ActiveCfg = Debug|Any CPU
		{995F4FC7-586C-4C07-A066-54C09F62A550}.Debug|x86.Build.0 = Debug|Any CPU
		{995F4FC7-586C-4C07-A066-54C09F62A550}.Release|Any CPU.ActiveCfg = Release|Any CPU
		{995F4FC7-586C-4C07-A066-54C09F62A550}.Release|Any CPU.Build.0 = Release|Any CPU
		{995F4FC7-586C-4C07-A066-54C09F62A550}.Release|x64.ActiveCfg = Release|Any CPU
		{995F4FC7-586C-4C07-A066-54C09F62A550}.Release|x64.Build.0 = Release|Any CPU
		{995F4FC7-586C-4C07-A066-54C09F62A550}.Release|x86.ActiveCfg = Release|Any CPU
		{995F4FC7-586C-4C07-A066-54C09F62A550}.Release|x86.Build.0 = Release|Any CPU
		{DF9BB663-8236-4DA3-BF9A-6EB8A451D053}.Debug|Any CPU.ActiveCfg = Debug|Any CPU
		{DF9BB663-8236-4DA3-BF9A-6EB8A451D053}.Debug|Any CPU.Build.0 = Debug|Any CPU
		{DF9BB663-8236-4DA3-BF9A-6EB8A451D053}.Debug|x64.ActiveCfg = Debug|Any CPU
		{DF9BB663-8236-4DA3-BF9A-6EB8A451D053}.Debug|x64.Build.0 = Debug|Any CPU
		{DF9BB663-8236-4DA3-BF9A-6EB8A451D053}.Debug|x86.ActiveCfg = Debug|Any CPU
		{DF9BB663-8236-4DA3-BF9A-6EB8A451D053}.Debug|x86.Build.0 = Debug|Any CPU
		{DF9BB663-8236-4DA3-BF9A-6EB8A451D053}.Release|Any CPU.ActiveCfg = Release|Any CPU
		{DF9BB663-8236-4DA3-BF9A-6EB8A451D053}.Release|Any CPU.Build.0 = Release|Any CPU
		{DF9BB663-8236-4DA3-BF9A-6EB8A451D053}.Release|x64.ActiveCfg = Release|Any CPU
		{DF9BB663-8236-4DA3-BF9A-6EB8A451D053}.Release|x64.Build.0 = Release|Any CPU
		{DF9BB663-8236-4DA3-BF9A-6EB8A451D053}.Release|x86.ActiveCfg = Release|Any CPU
		{DF9BB663-8236-4DA3-BF9A-6EB8A451D053}.Release|x86.Build.0 = Release|Any CPU
	EndGlobalSection
	GlobalSection(SolutionProperties) = preSolution
		HideSolutionNode = FALSE
	EndGlobalSection
	GlobalSection(NestedProjects) = preSolution
		{7D6A21A6-2A7D-47DE-AF46-27ABA71D558A} = {827E0CD3-B72D-47B6-A68D-7590B98EB39B}
		{A3D13C0A-1543-4C2B-BA24-16248EA51C55} = {827E0CD3-B72D-47B6-A68D-7590B98EB39B}
		{F936527C-6232-40A2-AC72-E17011A6F782} = {0AB3BF05-4346-4AA6-1389-037BE0695223}
		{7F05F8CF-61A6-46EE-854A-9DCB21F6B6E5} = {0AB3BF05-4346-4AA6-1389-037BE0695223}
		{5D5E893A-8413-4D15-9371-9A90BBF89555} = {827E0CD3-B72D-47B6-A68D-7590B98EB39B}
		{B6FFD122-D94D-4307-BFF0-9B95AEA7892A} = {0AB3BF05-4346-4AA6-1389-037BE0695223}
		{64281EAD-E80E-4E30-B462-4A57E1AA9C3A} = {827E0CD3-B72D-47B6-A68D-7590B98EB39B}
		{5F4D1495-20F3-4275-996B-8CDFD9C08A5B} = {0AB3BF05-4346-4AA6-1389-037BE0695223}
		{995F4FC7-586C-4C07-A066-54C09F62A550} = {827E0CD3-B72D-47B6-A68D-7590B98EB39B}
		{DF9BB663-8236-4DA3-BF9A-6EB8A451D053} = {0AB3BF05-4346-4AA6-1389-037BE0695223}
	EndGlobalSection
EndGlobal
