
Microsoft Visual Studio Solution File, Format Version 12.00
# Visual Studio Version 17
VisualStudioVersion = 17.0.31903.59
MinimumVisualStudioVersion = 10.0.40219.1
Project("{2150E333-8FDC-42A3-9474-1A3956D46DE8}") = "src", "src", "{827E0CD3-B72D-47B6-A68D-7590B98EB39B}"
EndProject
Project("{FAE04EC0-301F-11D3-BF4B-00C04F79EFBC}") = "Lunil.Core", "src\Lunil.Core\Lunil.Core.csproj", "{7D6A21A6-2A7D-47DE-AF46-27ABA71D558A}"
EndProject
Project("{FAE04EC0-301F-11D3-BF4B-00C04F79EFBC}") = "Lunil.IR", "src\Lunil.IR\Lunil.IR.csproj", "{A3D13C0A-1543-4C2B-BA24-16248EA51C55}"
EndProject
Project("{2150E333-8FDC-42A3-9474-1A3956D46DE8}") = "tests", "tests", "{0AB3BF05-4346-4AA6-1389-037BE0695223}"
EndProject
Project("{FAE04EC0-301F-11D3-BF4B-00C04F79EFBC}") = "Lunil.Core.Tests", "tests\Lunil.Core.Tests\Lunil.Core.Tests.csproj", "{F936527C-6232-40A2-AC72-E17011A6F782}"
EndProject
Project("{FAE04EC0-301F-11D3-BF4B-00C04F79EFBC}") = "Lunil.IR.Tests", "tests\Lunil.IR.Tests\Lunil.IR.Tests.csproj", "{7F05F8CF-61A6-46EE-854A-9DCB21F6B6E5}"
EndProject
Project("{FAE04EC0-301F-11D3-BF4B-00C04F79EFBC}") = "Lunil.Syntax", "src\Lunil.Syntax\Lunil.Syntax.csproj", "{5D5E893A-8413-4D15-9371-9A90BBF89555}"
EndProject
Project("{FAE04EC0-301F-11D3-BF4B-00C04F79EFBC}") = "Lunil.Syntax.Tests", "tests\Lunil.Syntax.Tests\Lunil.Syntax.Tests.csproj", "{B6FFD122-D94D-4307-BFF0-9B95AEA7892A}"
EndProject
Project("{FAE04EC0-301F-11D3-BF4B-00C04F79EFBC}") = "Lunil.Semantics", "src\Lunil.Semantics\Lunil.Semantics.csproj", "{64281EAD-E80E-4E30-B462-4A57E1AA9C3A}"
EndProject
Project("{FAE04EC0-301F-11D3-BF4B-00C04F79EFBC}") = "Lunil.Semantics.Tests", "tests\Lunil.Semantics.Tests\Lunil.Semantics.Tests.csproj", "{5F4D1495-20F3-4275-996B-8CDFD9C08A5B}"
EndProject
Project("{FAE04EC0-301F-11D3-BF4B-00C04F79EFBC}") = "Lunil.Runtime", "src\Lunil.Runtime\Lunil.Runtime.csproj", "{995F4FC7-586C-4C07-A066-54C09F62A550}"
EndProject
Project("{FAE04EC0-301F-11D3-BF4B-00C04F79EFBC}") = "Lunil.Runtime.Tests", "tests\Lunil.Runtime.Tests\Lunil.Runtime.Tests.csproj", "{DF9BB663-8236-4DA3-BF9A-6EB8A451D053}"
EndProject
Project("{2150E333-8FDC-42A3-9474-1A3956D46DE8}") = "benchmarks", "benchmarks", "{66320409-64EC-F7C5-3DEF-65E7510DAAD1}"
EndProject
Project("{FAE04EC0-301F-11D3-BF4B-00C04F79EFBC}") = "Lunil.Runtime.Benchmarks", "benchmarks\Lunil.Runtime.Benchmarks\Lunil.Runtime.Benchmarks.csproj", "{F2F3B328-15C7-47D6-B4DC-3BE271145D96}"
EndProject
Project("{FAE04EC0-301F-11D3-BF4B-00C04F79EFBC}") = "Lunil.StandardLibrary", "src\Lunil.StandardLibrary\Lunil.StandardLibrary.csproj", "{A3FDE6B3-8842-4864-9410-8FCDE18B8389}"
EndProject
Project("{FAE04EC0-301F-11D3-BF4B-00C04F79EFBC}") = "Lunil.StandardLibrary.Tests", "tests\Lunil.StandardLibrary.Tests\Lunil.StandardLibrary.Tests.csproj", "{00ACA2EB-8EC7-48A5-8778-CC69F677DC17}"
EndProject
Project("{FAE04EC0-301F-11D3-BF4B-00C04F79EFBC}") = "Lunil.BackendDifferential.Tests", "tests\Lunil.BackendDifferential.Tests\Lunil.BackendDifferential.Tests.csproj", "{52317916-7535-4A05-90AA-75F6C4EA1263}"
EndProject
Project("{FAE04EC0-301F-11D3-BF4B-00C04F79EFBC}") = "Lunil.CodeGen.Cil", "src\Lunil.CodeGen.Cil\Lunil.CodeGen.Cil.csproj", "{1E0BEFC7-33D6-437C-B383-35E1FB8C5614}"
EndProject
Project("{FAE04EC0-301F-11D3-BF4B-00C04F79EFBC}") = "Lunil.CodeGen.Cil.Tests", "tests\Lunil.CodeGen.Cil.Tests\Lunil.CodeGen.Cil.Tests.csproj", "{24F0E0D3-057A-42D4-B49D-14D6F4C8C060}"
EndProject
Project("{FAE04EC0-301F-11D3-BF4B-00C04F79EFBC}") = "Lunil.Build", "src\Lunil.Build\Lunil.Build.csproj", "{672E90CD-E1EE-40F9-8A77-479BB8A628A7}"
EndProject
Project("{FAE04EC0-301F-11D3-BF4B-00C04F79EFBC}") = "Lunil.Build.Tests", "tests\Lunil.Build.Tests\Lunil.Build.Tests.csproj", "{44B33887-A2D5-444A-BDF8-E87A1FB54B48}"
EndProject
Project("{FAE04EC0-301F-11D3-BF4B-00C04F79EFBC}") = "Lunil.Compiler", "src\Lunil.Compiler\Lunil.Compiler.csproj", "{6242AE3A-C5C1-4DF3-863C-DEBC66508E95}"
EndProject
Project("{FAE04EC0-301F-11D3-BF4B-00C04F79EFBC}") = "Lunil.Hosting", "src\Lunil.Hosting\Lunil.Hosting.csproj", "{6439FA1F-2DF9-4681-870B-09D0497F0EEC}"
EndProject
Project("{FAE04EC0-301F-11D3-BF4B-00C04F79EFBC}") = "Lunil.Compiler.Tests", "tests\Lunil.Compiler.Tests\Lunil.Compiler.Tests.csproj", "{CBCDFEA5-2549-4F30-8C2F-A3F67C478FA4}"
EndProject
Project("{FAE04EC0-301F-11D3-BF4B-00C04F79EFBC}") = "Lunil.Hosting.Tests", "tests\Lunil.Hosting.Tests\Lunil.Hosting.Tests.csproj", "{78BE3679-75A3-4D42-8EA3-DEE6495D4BE8}"
EndProject
Global
	GlobalSection(SolutionConfigurationPlatforms) = preSolution
		Debug|Any CPU = Debug|Any CPU
		Debug|x64 = Debug|x64
		Debug|x86 = Debug|x86
		Release|Any CPU = Release|Any CPU
		Release|x64 = Release|x64
		Release|x86 = Release|x86
	EndGlobalSection
	GlobalSection(ProjectConfigurationPlatforms) = postSolution
		{7D6A21A6-2A7D-47DE-AF46-27ABA71D558A}.Debug|Any CPU.ActiveCfg = Debug|Any CPU
		{7D6A21A6-2A7D-47DE-AF46-27ABA71D558A}.Debug|Any CPU.Build.0 = Debug|Any CPU
		{7D6A21A6-2A7D-47DE-AF46-27ABA71D558A}.Debug|x64.ActiveCfg = Debug|Any CPU
		{7D6A21A6-2A7D-47DE-AF46-27ABA71D558A}.Debug|x64.Build.0 = Debug|Any CPU
		{7D6A21A6-2A7D-47DE-AF46-27ABA71D558A}.Debug|x86.ActiveCfg = Debug|Any CPU
		{7D6A21A6-2A7D-47DE-AF46-27ABA71D558A}.Debug|x86.Build.0 = Debug|Any CPU
		{7D6A21A6-2A7D-47DE-AF46-27ABA71D558A}.Release|Any CPU.ActiveCfg = Release|Any CPU
		{7D6A21A6-2A7D-47DE-AF46-27ABA71D558A}.Release|Any CPU.Build.0 = Release|Any CPU
		{7D6A21A6-2A7D-47DE-AF46-27ABA71D558A}.Release|x64.ActiveCfg = Release|Any CPU
		{7D6A21A6-2A7D-47DE-AF46-27ABA71D558A}.Release|x64.Build.0 = Release|Any CPU
		{7D6A21A6-2A7D-47DE-AF46-27ABA71D558A}.Release|x86.ActiveCfg = Release|Any CPU
		{7D6A21A6-2A7D-47DE-AF46-27ABA71D558A}.Release|x86.Build.0 = Release|Any CPU
		{A3D13C0A-1543-4C2B-BA24-16248EA51C55}.Debug|Any CPU.ActiveCfg = Debug|Any CPU
		{A3D13C0A-1543-4C2B-BA24-16248EA51C55}.Debug|Any CPU.Build.0 = Debug|Any CPU
		{A3D13C0A-1543-4C2B-BA24-16248EA51C55}.Debug|x64.ActiveCfg = Debug|Any CPU
		{A3D13C0A-1543-4C2B-BA24-16248EA51C55}.Debug|x64.Build.0 = Debug|Any CPU
		{A3D13C0A-1543-4C2B-BA24-16248EA51C55}.Debug|x86.ActiveCfg = Debug|Any CPU
		{A3D13C0A-1543-4C2B-BA24-16248EA51C55}.Debug|x86.Build.0 = Debug|Any CPU
		{A3D13C0A-1543-4C2B-BA24-16248EA51C55}.Release|Any CPU.ActiveCfg = Release|Any CPU
		{A3D13C0A-1543-4C2B-BA24-16248EA51C55}.Release|Any CPU.Build.0 = Release|Any CPU
		{A3D13C0A-1543-4C2B-BA24-16248EA51C55}.Release|x64.ActiveCfg = Release|Any CPU
		{A3D13C0A-1543-4C2B-BA24-16248EA51C55}.Release|x64.Build.0 = Release|Any CPU
		{A3D13C0A-1543-4C2B-BA24-16248EA51C55}.Release|x86.ActiveCfg = Release|Any CPU
		{A3D13C0A-1543-4C2B-BA24-16248EA51C55}.Release|x86.Build.0 = Release|Any CPU
		{F936527C-6232-40A2-AC72-E17011A6F782}.Debug|Any CPU.ActiveCfg = Debug|Any CPU
		{F936527C-6232-40A2-AC72-E17011A6F782}.Debug|Any CPU.Build.0 = Debug|Any CPU
		{F936527C-6232-40A2-AC72-E17011A6F782}.Debug|x64.ActiveCfg = Debug|Any CPU
		{F936527C-6232-40A2-AC72-E17011A6F782}.Debug|x64.Build.0 = Debug|Any CPU
		{F936527C-6232-40A2-AC72-E17011A6F782}.Debug|x86.ActiveCfg = Debug|Any CPU
		{F936527C-6232-40A2-AC72-E17011A6F782}.Debug|x86.Build.0 = Debug|Any CPU
		{F936527C-6232-40A2-AC72-E17011A6F782}.Release|Any CPU.ActiveCfg = Release|Any CPU
		{F936527C-6232-40A2-AC72-E17011A6F782}.Release|Any CPU.Build.0 = Release|Any CPU
		{F936527C-6232-40A2-AC72-E17011A6F782}.Release|x64.ActiveCfg = Release|Any CPU
		{F936527C-6232-40A2-AC72-E17011A6F782}.Release|x64.Build.0 = Release|Any CPU
		{F936527C-6232-40A2-AC72-E17011A6F782}.Release|x86.ActiveCfg = Release|Any CPU
		{F936527C-6232-40A2-AC72-E17011A6F782}.Release|x86.Build.0 = Release|Any CPU
		{7F05F8CF-61A6-46EE-854A-9DCB21F6B6E5}.Debug|Any CPU.ActiveCfg = Debug|Any CPU
		{7F05F8CF-61A6-46EE-854A-9DCB21F6B6E5}.Debug|Any CPU.Build.0 = Debug|Any CPU
		{7F05F8CF-61A6-46EE-854A-9DCB21F6B6E5}.Debug|x64.ActiveCfg = Debug|Any CPU
		{7F05F8CF-61A6-46EE-854A-9DCB21F6B6E5}.Debug|x64.Build.0 = Debug|Any CPU
		{7F05F8CF-61A6-46EE-854A-9DCB21F6B6E5}.Debug|x86.ActiveCfg = Debug|Any CPU
		{7F05F8CF-61A6-46EE-854A-9DCB21F6B6E5}.Debug|x86.Build.0 = Debug|Any CPU
		{7F05F8CF-61A6-46EE-854A-9DCB21F6B6E5}.Release|Any CPU.ActiveCfg = Release|Any CPU
		{7F05F8CF-61A6-46EE-854A-9DCB21F6B6E5}.Release|Any CPU.Build.0 = Release|Any CPU
		{7F05F8CF-61A6-46EE-854A-9DCB21F6B6E5}.Release|x64.ActiveCfg = Release|Any CPU
		{7F05F8CF-61A6-46EE-854A-9DCB21F6B6E5}.Release|x64.Build.0 = Release|Any CPU
		{7F05F8CF-61A6-46EE-854A-9DCB21F6B6E5}.Release|x86.ActiveCfg = Release|Any CPU
		{7F05F8CF-61A6-46EE-854A-9DCB21F6B6E5}.Release|x86.Build.0 = Release|Any CPU
		{5D5E893A-8413-4D15-9371-9A90BBF89555}.Debug|Any CPU.ActiveCfg = Debug|Any CPU
		{5D5E893A-8413-4D15-9371-9A90BBF89555}.Debug|Any CPU.Build.0 = Debug|Any CPU
		{5D5E893A-8413-4D15-9371-9A90BBF89555}.Debug|x64.ActiveCfg = Debug|Any CPU
		{5D5E893A-8413-4D15-9371-9A90BBF89555}.Debug|x64.Build.0 = Debug|Any CPU
		{5D5E893A-8413-4D15-9371-9A90BBF89555}.Debug|x86.ActiveCfg = Debug|Any CPU
		{5D5E893A-8413-4D15-9371-9A90BBF89555}.Debug|x86.Build.0 = Debug|Any CPU
		{5D5E893A-8413-4D15-9371-9A90BBF89555}.Release|Any CPU.ActiveCfg = Release|Any CPU
		{5D5E893A-8413-4D15-9371-9A90BBF89555}.Release|Any CPU.Build.0 = Release|Any CPU
		{5D5E893A-8413-4D15-9371-9A90BBF89555}.Release|x64.ActiveCfg = Release|Any CPU
		{5D5E893A-8413-4D15-9371-9A90BBF89555}.Release|x64.Build.0 = Release|Any CPU
		{5D5E893A-8413-4D15-9371-9A90BBF89555}.Release|x86.ActiveCfg = Release|Any CPU
		{5D5E893A-8413-4D15-9371-9A90BBF89555}.Release|x86.Build.0 = Release|Any CPU
		{B6FFD122-D94D-4307-BFF0-9B95AEA7892A}.Debug|Any CPU.ActiveCfg = Debug|Any CPU
		{B6FFD122-D94D-4307-BFF0-9B95AEA7892A}.Debug|Any CPU.Build.0 = Debug|Any CPU
		{B6FFD122-D94D-4307-BFF0-9B95AEA7892A}.Debug|x64.ActiveCfg = Debug|Any CPU
		{B6FFD122-D94D-4307-BFF0-9B95AEA7892A}.Debug|x64.Build.0 = Debug|Any CPU
		{B6FFD122-D94D-4307-BFF0-9B95AEA7892A}.Debug|x86.ActiveCfg = Debug|Any CPU
		{B6FFD122-D94D-4307-BFF0-9B95AEA7892A}.Debug|x86.Build.0 = Debug|Any CPU
		{B6FFD122-D94D-4307-BFF0-9B95AEA7892A}.Release|Any CPU.ActiveCfg = Release|Any CPU
		{B6FFD122-D94D-4307-BFF0-9B95AEA7892A}.Release|Any CPU.Build.0 = Release|Any CPU
		{B6FFD122-D94D-4307-BFF0-9B95AEA7892A}.Release|x64.ActiveCfg = Release|Any CPU
		{B6FFD122-D94D-4307-BFF0-9B95AEA7892A}.Release|x64.Build.0 = Release|Any CPU
		{B6FFD122-D94D-4307-BFF0-9B95AEA7892A}.Release|x86.ActiveCfg = Release|Any CPU
		{B6FFD122-D94D-4307-BFF0-9B95AEA7892A}.Release|x86.Build.0 = Release|Any CPU
		{64281EAD-E80E-4E30-B462-4A57E1AA9C3A}.Debug|Any CPU.ActiveCfg = Debug|Any CPU
		{64281EAD-E80E-4E30-B462-4A57E1AA9C3A}.Debug|Any CPU.Build.0 = Debug|Any CPU
		{64281EAD-E80E-4E30-B462-4A57E1AA9C3A}.Debug|x64.ActiveCfg = Debug|Any CPU
		{64281EAD-E80E-4E30-B462-4A57E1AA9C3A}.Debug|x64.Build.0 = Debug|Any CPU
		{64281EAD-E80E-4E30-B462-4A57E1AA9C3A}.Debug|x86.ActiveCfg = Debug|Any CPU
		{64281EAD-E80E-4E30-B462-4A57E1AA9C3A}.Debug|x86.Build.0 = Debug|Any CPU
		{64281EAD-E80E-4E30-B462-4A57E1AA9C3A}.Release|Any CPU.ActiveCfg = Release|Any CPU
		{64281EAD-E80E-4E30-B462-4A57E1AA9C3A}.Release|Any CPU.Build.0 = Release|Any CPU
		{64281EAD-E80E-4E30-B462-4A57E1AA9C3A}.Release|x64.ActiveCfg = Release|Any CPU
		{64281EAD-E80E-4E30-B462-4A57E1AA9C3A}.Release|x64.Build.0 = Release|Any CPU
		{64281EAD-E80E-4E30-B462-4A57E1AA9C3A}.Release|x86.ActiveCfg = Release|Any CPU
		{64281EAD-E80E-4E30-B462-4A57E1AA9C3A}.Release|x86.Build.0 = Release|Any CPU
		{5F4D1495-20F3-4275-996B-8CDFD9C08A5B}.Debug|Any CPU.ActiveCfg = Debug|Any CPU
		{5F4D1495-20F3-4275-996B-8CDFD9C08A5B}.Debug|Any CPU.Build.0 = Debug|Any CPU
		{5F4D1495-20F3-4275-996B-8CDFD9C08A5B}.Debug|x64.ActiveCfg = Debug|Any CPU
		{5F4D1495-20F3-4275-996B-8CDFD9C08A5B}.Debug|x64.Build.0 = Debug|Any CPU
		{5F4D1495-20F3-4275-996B-8CDFD9C08A5B}.Debug|x86.ActiveCfg = Debug|Any CPU
		{5F4D1495-20F3-4275-996B-8CDFD9C08A5B}.Debug|x86.Build.0 = Debug|Any CPU
		{5F4D1495-20F3-4275-996B-8CDFD9C08A5B}.Release|Any CPU.ActiveCfg = Release|Any CPU
		{5F4D1495-20F3-4275-996B-8CDFD9C08A5B}.Release|Any CPU.Build.0 = Release|Any CPU
		{5F4D1495-20F3-4275-996B-8CDFD9C08A5B}.Release|x64.ActiveCfg = Release|Any CPU
		{5F4D1495-20F3-4275-996B-8CDFD9C08A5B}.Release|x64.Build.0 = Release|Any CPU
		{5F4D1495-20F3-4275-996B-8CDFD9C08A5B}.Release|x86.ActiveCfg = Release|Any CPU
		{5F4D1495-20F3-4275-996B-8CDFD9C08A5B}.Release|x86.Build.0 = Release|Any CPU
		{995F4FC7-586C-4C07-A066-54C09F62A550}.Debug|Any CPU.ActiveCfg = Debug|Any CPU
		{995F4FC7-586C-4C07-A066-54C09F62A550}.Debug|Any CPU.Build.0 = Debug|Any CPU
		{995F4FC7-586C-4C07-A066-54C09F62A550}.Debug|x64.ActiveCfg = Debug|Any CPU
		{995F4FC7-586C-4C07-A066-54C09F62A550}.Debug|x64.Build.0 = Debug|Any CPU
		{995F4FC7-586C-4C07-A066-54C09F62A550}.Debug|x86.ActiveCfg = Debug|Any CPU
		{995F4FC7-586C-4C07-A066-54C09F62A550}.Debug|x86.Build.0 = Debug|Any CPU
		{995F4FC7-586C-4C07-A066-54C09F62A550}.Release|Any CPU.ActiveCfg = Release|Any CPU
		{995F4FC7-586C-4C07-A066-54C09F62A550}.Release|Any CPU.Build.0 = Release|Any CPU
		{995F4FC7-586C-4C07-A066-54C09F62A550}.Release|x64.ActiveCfg = Release|Any CPU
		{995F4FC7-586C-4C07-A066-54C09F62A550}.Release|x64.Build.0 = Release|Any CPU
		{995F4FC7-586C-4C07-A066-54C09F62A550}.Release|x86.ActiveCfg = Release|Any CPU
		{995F4FC7-586C-4C07-A066-54C09F62A550}.Release|x86.Build.0 = Release|Any CPU
		{DF9BB663-8236-4DA3-BF9A-6EB8A451D053}.Debug|Any CPU.ActiveCfg = Debug|Any CPU
		{DF9BB663-8236-4DA3-BF9A-6EB8A451D053}.Debug|Any CPU.Build.0 = Debug|Any CPU
		{DF9BB663-8236-4DA3-BF9A-6EB8A451D053}.Debug|x64.ActiveCfg = Debug|Any CPU
		{DF9BB663-8236-4DA3-BF9A-6EB8A451D053}.Debug|x64.Build.0 = Debug|Any CPU
		{DF9BB663-8236-4DA3-BF9A-6EB8A451D053}.Debug|x86.ActiveCfg = Debug|Any CPU
		{DF9BB663-8236-4DA3-BF9A-6EB8A451D053}.Debug|x86.Build.0 = Debug|Any CPU
		{DF9BB663-8236-4DA3-BF9A-6EB8A451D053}.Release|Any CPU.ActiveCfg = Release|Any CPU
		{DF9BB663-8236-4DA3-BF9A-6EB8A451D053}.Release|Any CPU.Build.0 = Release|Any CPU
		{DF9BB663-8236-4DA3-BF9A-6EB8A451D053}.Release|x64.ActiveCfg = Release|Any CPU
		{DF9BB663-8236-4DA3-BF9A-6EB8A451D053}.Release|x64.Build.0 = Release|Any CPU
		{DF9BB663-8236-4DA3-BF9A-6EB8A451D053}.Release|x86.ActiveCfg = Release|Any CPU
		{DF9BB663-8236-4DA3-BF9A-6EB8A451D053}.Release|x86.Build.0 = Release|Any CPU
		{F2F3B328-15C7-47D6-B4DC-3BE271145D96}.Debug|Any CPU.ActiveCfg = Debug|Any CPU
		{F2F3B328-15C7-47D6-B4DC-3BE271145D96}.Debug|Any CPU.Build.0 = Debug|Any CPU
		{F2F3B328-15C7-47D6-B4DC-3BE271145D96}.Debug|x64.ActiveCfg = Debug|Any CPU
		{F2F3B328-15C7-47D6-B4DC-3BE271145D96}.Debug|x64.Build.0 = Debug|Any CPU
		{F2F3B328-15C7-47D6-B4DC-3BE271145D96}.Debug|x86.ActiveCfg = Debug|Any CPU
		{F2F3B328-15C7-47D6-B4DC-3BE271145D96}.Debug|x86.Build.0 = Debug|Any CPU
		{F2F3B328-15C7-47D6-B4DC-3BE271145D96}.Release|Any CPU.ActiveCfg = Release|Any CPU
		{F2F3B328-15C7-47D6-B4DC-3BE271145D96}.Release|Any CPU.Build.0 = Release|Any CPU
		{F2F3B328-15C7-47D6-B4DC-3BE271145D96}.Release|x64.ActiveCfg = Release|Any CPU
		{F2F3B328-15C7-47D6-B4DC-3BE271145D96}.Release|x64.Build.0 = Release|Any CPU
		{F2F3B328-15C7-47D6-B4DC-3BE271145D96}.Release|x86.ActiveCfg = Release|Any CPU
		{F2F3B328-15C7-47D6-B4DC-3BE271145D96}.Release|x86.Build.0 = Release|Any CPU
		{A3FDE6B3-8842-4864-9410-8FCDE18B8389}.Debug|Any CPU.ActiveCfg = Debug|Any CPU
		{A3FDE6B3-8842-4864-9410-8FCDE18B8389}.Debug|Any CPU.Build.0 = Debug|Any CPU
		{A3FDE6B3-8842-4864-9410-8FCDE18B8389}.Debug|x64.ActiveCfg = Debug|Any CPU
		{A3FDE6B3-8842-4864-9410-8FCDE18B8389}.Debug|x64.Build.0 = Debug|Any CPU
		{A3FDE6B3-8842-4864-9410-8FCDE18B8389}.Debug|x86.ActiveCfg = Debug|Any CPU
		{A3FDE6B3-8842-4864-9410-8FCDE18B8389}.Debug|x86.Build.0 = Debug|Any CPU
		{A3FDE6B3-8842-4864-9410-8FCDE18B8389}.Release|Any CPU.ActiveCfg = Release|Any CPU
		{A3FDE6B3-8842-4864-9410-8FCDE18B8389}.Release|Any CPU.Build.0 = Release|Any CPU
		{A3FDE6B3-8842-4864-9410-8FCDE18B8389}.Release|x64.ActiveCfg = Release|Any CPU
		{A3FDE6B3-8842-4864-9410-8FCDE18B8389}.Release|x64.Build.0 = Release|Any CPU
		{A3FDE6B3-8842-4864-9410-8FCDE18B8389}.Release|x86.ActiveCfg = Release|Any CPU
		{A3FDE6B3-8842-4864-9410-8FCDE18B8389}.Release|x86.Build.0 = Release|Any CPU
		{00ACA2EB-8EC7-48A5-8778-CC69F677DC17}.Debug|Any CPU.ActiveCfg = Debug|Any CPU
		{00ACA2EB-8EC7-48A5-8778-CC69F677DC17}.Debug|Any CPU.Build.0 = Debug|Any CPU
		{00ACA2EB-8EC7-48A5-8778-CC69F677DC17}.Debug|x64.ActiveCfg = Debug|Any CPU
		{00ACA2EB-8EC7-48A5-8778-CC69F677DC17}.Debug|x64.Build.0 = Debug|Any CPU
		{00ACA2EB-8EC7-48A5-8778-CC69F677DC17}.Debug|x86.ActiveCfg = Debug|Any CPU
		{00ACA2EB-8EC7-48A5-8778-CC69F677DC17}.Debug|x86.Build.0 = Debug|Any CPU
		{00ACA2EB-8EC7-48A5-8778-CC69F677DC17}.Release|Any CPU.ActiveCfg = Release|Any CPU
		{00ACA2EB-8EC7-48A5-8778-CC69F677DC17}.Release|Any CPU.Build.0 = Release|Any CPU
		{00ACA2EB-8EC7-48A5-8778-CC69F677DC17}.Release|x64.ActiveCfg = Release|Any CPU
		{00ACA2EB-8EC7-48A5-8778-CC69F677DC17}.Release|x64.Build.0 = Release|Any CPU
		{00ACA2EB-8EC7-48A5-8778-CC69F677DC17}.Release|x86.ActiveCfg = Release|Any CPU
		{00ACA2EB-8EC7-48A5-8778-CC69F677DC17}.Release|x86.Build.0 = Release|Any CPU
		{52317916-7535-4A05-90AA-75F6C4EA1263}.Debug|Any CPU.ActiveCfg = Debug|Any CPU
		{52317916-7535-4A05-90AA-75F6C4EA1263}.Debug|Any CPU.Build.0 = Debug|Any CPU
		{52317916-7535-4A05-90AA-75F6C4EA1263}.Debug|x64.ActiveCfg = Debug|Any CPU
		{52317916-7535-4A05-90AA-75F6C4EA1263}.Debug|x64.Build.0 = Debug|Any CPU
		{52317916-7535-4A05-90AA-75F6C4EA1263}.Debug|x86.ActiveCfg = Debug|Any CPU
		{52317916-7535-4A05-90AA-75F6C4EA1263}.Debug|x86.Build.0 = Debug|Any CPU
		{52317916-7535-4A05-90AA-75F6C4EA1263}.Release|Any CPU.ActiveCfg = Release|Any CPU
		{52317916-7535-4A05-90AA-75F6C4EA1263}.Release|Any CPU.Build.0 = Release|Any CPU
		{52317916-7535-4A05-90AA-75F6C4EA1263}.Release|x64.ActiveCfg = Release|Any CPU
		{52317916-7535-4A05-90AA-75F6C4EA1263}.Release|x64.Build.0 = Release|Any CPU
		{52317916-7535-4A05-90AA-75F6C4EA1263}.Release|x86.ActiveCfg = Release|Any CPU
		{52317916-7535-4A05-90AA-75F6C4EA1263}.Release|x86.Build.0 = Release|Any CPU
		{1E0BEFC7-33D6-437C-B383-35E1FB8C5614}.Debug|Any CPU.ActiveCfg = Debug|Any CPU
		{1E0BEFC7-33D6-437C-B383-35E1FB8C5614}.Debug|Any CPU.Build.0 = Debug|Any CPU
		{1E0BEFC7-33D6-437C-B383-35E1FB8C5614}.Debug|x64.ActiveCfg = Debug|Any CPU
		{1E0BEFC7-33D6-437C-B383-35E1FB8C5614}.Debug|x64.Build.0 = Debug|Any CPU
		{1E0BEFC7-33D6-437C-B383-35E1FB8C5614}.Debug|x86.ActiveCfg = Debug|Any CPU
		{1E0BEFC7-33D6-437C-B383-35E1FB8C5614}.Debug|x86.Build.0 = Debug|Any CPU
		{1E0BEFC7-33D6-437C-B383-35E1FB8C5614}.Release|Any CPU.ActiveCfg = Release|Any CPU
		{1E0BEFC7-33D6-437C-B383-35E1FB8C5614}.Release|Any CPU.Build.0 = Release|Any CPU
		{1E0BEFC7-33D6-437C-B383-35E1FB8C5614}.Release|x64.ActiveCfg = Release|Any CPU
		{1E0BEFC7-33D6-437C-B383-35E1FB8C5614}.Release|x64.Build.0 = Release|Any CPU
		{1E0BEFC7-33D6-437C-B383-35E1FB8C5614}.Release|x86.ActiveCfg = Release|Any CPU
		{1E0BEFC7-33D6-437C-B383-35E1FB8C5614}.Release|x86.Build.0 = Release|Any CPU
		{24F0E0D3-057A-42D4-B49D-14D6F4C8C060}.Debug|Any CPU.ActiveCfg = Debug|Any CPU
		{24F0E0D3-057A-42D4-B49D-14D6F4C8C060}.Debug|Any CPU.Build.0 = Debug|Any CPU
		{24F0E0D3-057A-42D4-B49D-14D6F4C8C060}.Debug|x64.ActiveCfg = Debug|Any CPU
		{24F0E0D3-057A-42D4-B49D-14D6F4C8C060}.Debug|x64.Build.0 = Debug|Any CPU
		{24F0E0D3-057A-42D4-B49D-14D6F4C8C060}.Debug|x86.ActiveCfg = Debug|Any CPU
		{24F0E0D3-057A-42D4-B49D-14D6F4C8C060}.Debug|x86.Build.0 = Debug|Any CPU
		{24F0E0D3-057A-42D4-B49D-14D6F4C8C060}.Release|Any CPU.ActiveCfg = Release|Any CPU
		{24F0E0D3-057A-42D4-B49D-14D6F4C8C060}.Release|Any CPU.Build.0 = Release|Any CPU
		{24F0E0D3-057A-42D4-B49D-14D6F4C8C060}.Release|x64.ActiveCfg = Release|Any CPU
		{24F0E0D3-057A-42D4-B49D-14D6F4C8C060}.Release|x64.Build.0 = Release|Any CPU
		{24F0E0D3-057A-42D4-B49D-14D6F4C8C060}.Release|x86.ActiveCfg = Release|Any CPU
		{24F0E0D3-057A-42D4-B49D-14D6F4C8C060}.Release|x86.Build.0 = Release|Any CPU
		{672E90CD-E1EE-40F9-8A77-479BB8A628A7}.Debug|Any CPU.ActiveCfg = Debug|Any CPU
		{672E90CD-E1EE-40F9-8A77-479BB8A628A7}.Debug|Any CPU.Build.0 = Debug|Any CPU
		{672E90CD-E1EE-40F9-8A77-479BB8A628A7}.Debug|x64.ActiveCfg = Debug|Any CPU
		{672E90CD-E1EE-40F9-8A77-479BB8A628A7}.Debug|x64.Build.0 = Debug|Any CPU
		{672E90CD-E1EE-40F9-8A77-479BB8A628A7}.Debug|x86.ActiveCfg = Debug|Any CPU
		{672E90CD-E1EE-40F9-8A77-479BB8A628A7}.Debug|x86.Build.0 = Debug|Any CPU
		{672E90CD-E1EE-40F9-8A77-479BB8A628A7}.Release|Any CPU.ActiveCfg = Release|Any CPU
		{672E90CD-E1EE-40F9-8A77-479BB8A628A7}.Release|Any CPU.Build.0 = Release|Any CPU
		{672E90CD-E1EE-40F9-8A77-479BB8A628A7}.Release|x64.ActiveCfg = Release|Any CPU
		{672E90CD-E1EE-40F9-8A77-479BB8A628A7}.Release|x64.Build.0 = Release|Any CPU
		{672E90CD-E1EE-40F9-8A77-479BB8A628A7}.Release|x86.ActiveCfg = Release|Any CPU
		{672E90CD-E1EE-40F9-8A77-479BB8A628A7}.Release|x86.Build.0 = Release|Any CPU
		{44B33887-A2D5-444A-BDF8-E87A1FB54B48}.Debug|Any CPU.ActiveCfg = Debug|Any CPU
		{44B33887-A2D5-444A-BDF8-E87A1FB54B48}.Debug|Any CPU.Build.0 = Debug|Any CPU
		{44B33887-A2D5-444A-BDF8-E87A1FB54B48}.Debug|x64.ActiveCfg = Debug|Any CPU
		{44B33887-A2D5-444A-BDF8-E87A1FB54B48}.Debug|x64.Build.0 = Debug|Any CPU
		{44B33887-A2D5-444A-BDF8-E87A1FB54B48}.Debug|x86.ActiveCfg = Debug|Any CPU
		{44B33887-A2D5-444A-BDF8-E87A1FB54B48}.Debug|x86.Build.0 = Debug|Any CPU
		{44B33887-A2D5-444A-BDF8-E87A1FB54B48}.Release|Any CPU.ActiveCfg = Release|Any CPU
		{44B33887-A2D5-444A-BDF8-E87A1FB54B48}.Release|Any CPU.Build.0 = Release|Any CPU
		{44B33887-A2D5-444A-BDF8-E87A1FB54B48}.Release|x64.ActiveCfg = Release|Any CPU
		{44B33887-A2D5-444A-BDF8-E87A1FB54B48}.Release|x64.Build.0 = Release|Any CPU
		{44B33887-A2D5-444A-BDF8-E87A1FB54B48}.Release|x86.ActiveCfg = Release|Any CPU
		{44B33887-A2D5-444A-BDF8-E87A1FB54B48}.Release|x86.Build.0 = Release|Any CPU
		{6242AE3A-C5C1-4DF3-863C-DEBC66508E95}.Debug|Any CPU.ActiveCfg = Debug|Any CPU
		{6242AE3A-C5C1-4DF3-863C-DEBC66508E95}.Debug|Any CPU.Build.0 = Debug|Any CPU
		{6242AE3A-C5C1-4DF3-863C-DEBC66508E95}.Debug|x64.ActiveCfg = Debug|Any CPU
		{6242AE3A-C5C1-4DF3-863C-DEBC66508E95}.Debug|x64.Build.0 = Debug|Any CPU
		{6242AE3A-C5C1-4DF3-863C-DEBC66508E95}.Debug|x86.ActiveCfg = Debug|Any CPU
		{6242AE3A-C5C1-4DF3-863C-DEBC66508E95}.Debug|x86.Build.0 = Debug|Any CPU
		{6242AE3A-C5C1-4DF3-863C-DEBC66508E95}.Release|Any CPU.ActiveCfg = Release|Any CPU
		{6242AE3A-C5C1-4DF3-863C-DEBC66508E95}.Release|Any CPU.Build.0 = Release|Any CPU
		{6242AE3A-C5C1-4DF3-863C-DEBC66508E95}.Release|x64.ActiveCfg = Release|Any CPU
		{6242AE3A-C5C1-4DF3-863C-DEBC66508E95}.Release|x64.Build.0 = Release|Any CPU
		{6242AE3A-C5C1-4DF3-863C-DEBC66508E95}.Release|x86.ActiveCfg = Release|Any CPU
		{6242AE3A-C5C1-4DF3-863C-DEBC66508E95}.Release|x86.Build.0 = Release|Any CPU
		{6439FA1F-2DF9-4681-870B-09D0497F0EEC}.Debug|Any CPU.ActiveCfg = Debug|Any CPU
		{6439FA1F-2DF9-4681-870B-09D0497F0EEC}.Debug|Any CPU.Build.0 = Debug|Any CPU
		{6439FA1F-2DF9-4681-870B-09D0497F0EEC}.Debug|x64.ActiveCfg = Debug|Any CPU
		{6439FA1F-2DF9-4681-870B-09D0497F0EEC}.Debug|x64.Build.0 = Debug|Any CPU
		{6439FA1F-2DF9-4681-870B-09D0497F0EEC}.Debug|x86.ActiveCfg = Debug|Any CPU
		{6439FA1F-2DF9-4681-870B-09D0497F0EEC}.Debug|x86.Build.0 = Debug|Any CPU
		{6439FA1F-2DF9-4681-870B-09D0497F0EEC}.Release|Any CPU.ActiveCfg = Release|Any CPU
		{6439FA1F-2DF9-4681-870B-09D0497F0EEC}.Release|Any CPU.Build.0 = Release|Any CPU
		{6439FA1F-2DF9-4681-870B-09D0497F0EEC}.Release|x64.ActiveCfg = Release|Any CPU
		{6439FA1F-2DF9-4681-870B-09D0497F0EEC}.Release|x64.Build.0 = Release|Any CPU
		{6439FA1F-2DF9-4681-870B-09D0497F0EEC}.Release|x86.ActiveCfg = Release|Any CPU
		{6439FA1F-2DF9-4681-870B-09D0497F0EEC}.Release|x86.Build.0 = Release|Any CPU
		{CBCDFEA5-2549-4F30-8C2F-A3F67C478FA4}.Debug|Any CPU.ActiveCfg = Debug|Any CPU
		{CBCDFEA5-2549-4F30-8C2F-A3F67C478FA4}.Debug|Any CPU.Build.0 = Debug|Any CPU
		{CBCDFEA5-2549-4F30-8C2F-A3F67C478FA4}.Debug|x64.ActiveCfg = Debug|Any CPU
		{CBCDFEA5-2549-4F30-8C2F-A3F67C478FA4}.Debug|x64.Build.0 = Debug|Any CPU
		{CBCDFEA5-2549-4F30-8C2F-A3F67C478FA4}.Debug|x86.ActiveCfg = Debug|Any CPU
		{CBCDFEA5-2549-4F30-8C2F-A3F67C478FA4}.Debug|x86.Build.0 = Debug|Any CPU
		{CBCDFEA5-2549-4F30-8C2F-A3F67C478FA4}.Release|Any CPU.ActiveCfg = Release|Any CPU
		{CBCDFEA5-2549-4F30-8C2F-A3F67C478FA4}.Release|Any CPU.Build.0 = Release|Any CPU
		{CBCDFEA5-2549-4F30-8C2F-A3F67C478FA4}.Release|x64.ActiveCfg = Release|Any CPU
		{CBCDFEA5-2549-4F30-8C2F-A3F67C478FA4}.Release|x64.Build.0 = Release|Any CPU
		{CBCDFEA5-2549-4F30-8C2F-A3F67C478FA4}.Release|x86.ActiveCfg = Release|Any CPU
		{CBCDFEA5-2549-4F30-8C2F-A3F67C478FA4}.Release|x86.Build.0 = Release|Any CPU
		{78BE3679-75A3-4D42-8EA3-DEE6495D4BE8}.Debug|Any CPU.ActiveCfg = Debug|Any CPU
		{78BE3679-75A3-4D42-8EA3-DEE6495D4BE8}.Debug|Any CPU.Build.0 = Debug|Any CPU
		{78BE3679-75A3-4D42-8EA3-DEE6495D4BE8}.Debug|x64.ActiveCfg = Debug|Any CPU
		{78BE3679-75A3-4D42-8EA3-DEE6495D4BE8}.Debug|x64.Build.0 = Debug|Any CPU
		{78BE3679-75A3-4D42-8EA3-DEE6495D4BE8}.Debug|x86.ActiveCfg = Debug|Any CPU
		{78BE3679-75A3-4D42-8EA3-DEE6495D4BE8}.Debug|x86.Build.0 = Debug|Any CPU
		{78BE3679-75A3-4D42-8EA3-DEE6495D4BE8}.Release|Any CPU.ActiveCfg = Release|Any CPU
		{78BE3679-75A3-4D42-8EA3-DEE6495D4BE8}.Release|Any CPU.Build.0 = Release|Any CPU
		{78BE3679-75A3-4D42-8EA3-DEE6495D4BE8}.Release|x64.ActiveCfg = Release|Any CPU
		{78BE3679-75A3-4D42-8EA3-DEE6495D4BE8}.Release|x64.Build.0 = Release|Any CPU
		{78BE3679-75A3-4D42-8EA3-DEE6495D4BE8}.Release|x86.ActiveCfg = Release|Any CPU
		{78BE3679-75A3-4D42-8EA3-DEE6495D4BE8}.Release|x86.Build.0 = Release|Any CPU
	EndGlobalSection
	GlobalSection(SolutionProperties) = preSolution
		HideSolutionNode = FALSE
	EndGlobalSection
	GlobalSection(NestedProjects) = preSolution
		{7D6A21A6-2A7D-47DE-AF46-27ABA71D558A} = {827E0CD3-B72D-47B6-A68D-7590B98EB39B}
		{A3D13C0A-1543-4C2B-BA24-16248EA51C55} = {827E0CD3-B72D-47B6-A68D-7590B98EB39B}
		{F936527C-6232-40A2-AC72-E17011A6F782} = {0AB3BF05-4346-4AA6-1389-037BE0695223}
		{7F05F8CF-61A6-46EE-854A-9DCB21F6B6E5} = {0AB3BF05-4346-4AA6-1389-037BE0695223}
		{5D5E893A-8413-4D15-9371-9A90BBF89555} = {827E0CD3-B72D-47B6-A68D-7590B98EB39B}
		{B6FFD122-D94D-4307-BFF0-9B95AEA7892A} = {0AB3BF05-4346-4AA6-1389-037BE0695223}
		{64281EAD-E80E-4E30-B462-4A57E1AA9C3A} = {827E0CD3-B72D-47B6-A68D-7590B98EB39B}
		{5F4D1495-20F3-4275-996B-8CDFD9C08A5B} = {0AB3BF05-4346-4AA6-1389-037BE0695223}
		{995F4FC7-586C-4C07-A066-54C09F62A550} = {827E0CD3-B72D-47B6-A68D-7590B98EB39B}
		{DF9BB663-8236-4DA3-BF9A-6EB8A451D053} = {0AB3BF05-4346-4AA6-1389-037BE0695223}
		{F2F3B328-15C7-47D6-B4DC-3BE271145D96} = {66320409-64EC-F7C5-3DEF-65E7510DAAD1}
		{A3FDE6B3-8842-4864-9410-8FCDE18B8389} = {827E0CD3-B72D-47B6-A68D-7590B98EB39B}
		{00ACA2EB-8EC7-48A5-8778-CC69F677DC17} = {0AB3BF05-4346-4AA6-1389-037BE0695223}
		{52317916-7535-4A05-90AA-75F6C4EA1263} = {0AB3BF05-4346-4AA6-1389-037BE0695223}
		{1E0BEFC7-33D6-437C-B383-35E1FB8C5614} = {827E0CD3-B72D-47B6-A68D-7590B98EB39B}
		{24F0E0D3-057A-42D4-B49D-14D6F4C8C060} = {0AB3BF05-4346-4AA6-1389-037BE0695223}
		{672E90CD-E1EE-40F9-8A77-479BB8A628A7} = {827E0CD3-B72D-47B6-A68D-7590B98EB39B}
		{44B33887-A2D5-444A-BDF8-E87A1FB54B48} = {0AB3BF05-4346-4AA6-1389-037BE0695223}
		{6242AE3A-C5C1-4DF3-863C-DEBC66508E95} = {827E0CD3-B72D-47B6-A68D-7590B98EB39B}
		{6439FA1F-2DF9-4681-870B-09D0497F0EEC} = {827E0CD3-B72D-47B6-A68D-7590B98EB39B}
		{CBCDFEA5-2549-4F30-8C2F-A3F67C478FA4} = {0AB3BF05-4346-4AA6-1389-037BE0695223}
		{78BE3679-75A3-4D42-8EA3-DEE6495D4BE8} = {0AB3BF05-4346-4AA6-1389-037BE0695223}
	EndGlobalSection
EndGlobal
